
Microsoft Visual Studio Solution File, Format Version 12.00
# Visual Studio 15
VisualStudioVersion = 15.0.28307.271
MinimumVisualStudioVersion = 10.0.40219.1
Project("{FAE04EC0-301F-11D3-BF4B-00C04F79EFBC}") = "Day27RegexPatternAndIntroToDatabases", "Day27RegexPatternAndIntroToDatabases\Day27RegexPatternAndIntroToDatabases.csproj", "{05839CCF-DD71-411D-A4E8-C2C765FB6AE3}"
EndProject
Project("{FAE04EC0-301F-11D3-BF4B-00C04F79EFBC}") = "Day27RegexPatternAndIntroToDatabasesTests", "Day27RegexPatternAndIntroToDatabasesTests\Day27RegexPatternAndIntroToDatabasesTests.csproj", "{2E55B6A1-E097-4418-997E-60705128067D}"
EndProject
Global
	GlobalSection(SolutionConfigurationPlatforms) = preSolution
		Debug|Any CPU = Debug|Any CPU
		Release|Any CPU = Release|Any CPU
	EndGlobalSection
	GlobalSection(ProjectConfigurationPlatforms) = postSolution
		{05839CCF-DD71-411D-A4E8-C2C765FB6AE3}.Debug|Any CPU.ActiveCfg = Debug|Any CPU
		{05839CCF-DD71-411D-A4E8-C2C765FB6AE3}.Debug|Any CPU.Build.0 = Debug|Any CPU
		{05839CCF-DD71-411D-A4E8-C2C765FB6AE3}.Release|Any CPU.ActiveCfg = Release|Any CPU
		{05839CCF-DD71-411D-A4E8-C2C765FB6AE3}.Release|Any CPU.Build.0 = Release|Any CPU
		{2E55B6A1-E097-4418-997E-60705128067D}.Debug|Any CPU.ActiveCfg = Debug|Any CPU
		{2E55B6A1-E097-4418-997E-60705128067D}.Debug|Any CPU.Build.0 = Debug|Any CPU
		{2E55B6A1-E097-4418-997E-60705128067D}.Release|Any CPU.ActiveCfg = Release|Any CPU
		{2E55B6A1-E097-4418-997E-60705128067D}.Release|Any CPU.Build.0 = Release|Any CPU
	EndGlobalSection
	GlobalSection(SolutionProperties) = preSolution
		HideSolutionNode = FALSE
	EndGlobalSection
	GlobalSection(ExtensibilityGlobals) = postSolution
		SolutionGuid = {334D02ED-5BE5-4ECE-8C06-A607D36731E2}
	EndGlobalSection
EndGlobal
