
Microsoft Visual Studio Solution File, Format Version 12.00
# Visual Studio 15
VisualStudioVersion = 15.0.28307.271
MinimumVisualStudioVersion = 10.0.40219.1
Project("{FAE04EC0-301F-11D3-BF4B-00C04F79EFBC}") = "Day23BST_Level_Order Traversal", "Day23BST_Level_Order Traversal\Day23BST_Level_Order Traversal.csproj", "{146871A8-272C-4A68-8A2E-1314BF7212EC}"
EndProject
Global
	GlobalSection(SolutionConfigurationPlatforms) = preSolution
		Debug|Any CPU = Debug|Any CPU
		Release|Any CPU = Release|Any CPU
	EndGlobalSection
	GlobalSection(ProjectConfigurationPlatforms) = postSolution
		{146871A8-272C-4A68-8A2E-1314BF7212EC}.Debug|Any CPU.ActiveCfg = Debug|Any CPU
		{146871A8-272C-4A68-8A2E-1314BF7212EC}.Debug|Any CPU.Build.0 = Debug|Any CPU
		{146871A8-272C-4A68-8A2E-1314BF7212EC}.Release|Any CPU.ActiveCfg = Release|Any CPU
		{146871A8-272C-4A68-8A2E-1314BF7212EC}.Release|Any CPU.Build.0 = Release|Any CPU
	EndGlobalSection
	GlobalSection(SolutionProperties) = preSolution
		HideSolutionNode = FALSE
	EndGlobalSection
	GlobalSection(ExtensibilityGlobals) = postSolution
		SolutionGuid = {30B083A6-44FB-41F6-8227-DBA47D495F42}
	EndGlobalSection
EndGlobal
